
Microsoft Visual Studio Solution File, Format Version 12.00
# Visual Studio 15
VisualStudioVersion = 15.0.27703.2042
MinimumVisualStudioVersion = 10.0.40219.1
Project("{9A19103F-16F7-4668-BE54-9A1E7A4F7556}") = "EasyImovel", "EasyImovel\EasyImovel\EasyImovel.csproj", "{F0FFD8AF-71FF-4C54-911C-6D89A2E50E1E}"
EndProject
Project("{FAE04EC0-301F-11D3-BF4B-00C04F79EFBC}") = "EasyImovel.Android", "EasyImovel\EasyImovel.Android\EasyImovel.Android.csproj", "{8B93D3D3-E6D1-4E09-A9A2-47F25DFCEFED}"
EndProject
Project("{FAE04EC0-301F-11D3-BF4B-00C04F79EFBC}") = "EasyImovel.iOS", "EasyImovel\EasyImovel.iOS\EasyImovel.iOS.csproj", "{D6F34CD5-BB1D-403F-9EE7-E121F06F6A0C}"
EndProject
Project("{FAE04EC0-301F-11D3-BF4B-00C04F79EFBC}") = "EasyImovel.UWP", "EasyImovel\EasyImovel.UWP\EasyImovel.UWP.csproj", "{2449FD33-364E-40C8-9ED1-88A0B0457328}"
EndProject
Global
	GlobalSection(SolutionConfigurationPlatforms) = preSolution
		Ad-Hoc|Any CPU = Ad-Hoc|Any CPU
		Ad-Hoc|ARM = Ad-Hoc|ARM
		Ad-Hoc|iPhone = Ad-Hoc|iPhone
		Ad-Hoc|iPhoneSimulator = Ad-Hoc|iPhoneSimulator
		Ad-Hoc|x64 = Ad-Hoc|x64
		Ad-Hoc|x86 = Ad-Hoc|x86
		AppStore|Any CPU = AppStore|Any CPU
		AppStore|ARM = AppStore|ARM
		AppStore|iPhone = AppStore|iPhone
		AppStore|iPhoneSimulator = AppStore|iPhoneSimulator
		AppStore|x64 = AppStore|x64
		AppStore|x86 = AppStore|x86
		Debug|Any CPU = Debug|Any CPU
		Debug|ARM = Debug|ARM
		Debug|iPhone = Debug|iPhone
		Debug|iPhoneSimulator = Debug|iPhoneSimulator
		Debug|x64 = Debug|x64
		Debug|x86 = Debug|x86
		Release|Any CPU = Release|Any CPU
		Release|ARM = Release|ARM
		Release|iPhone = Release|iPhone
		Release|iPhoneSimulator = Release|iPhoneSimulator
		Release|x64 = Release|x64
		Release|x86 = Release|x86
	EndGlobalSection
	GlobalSection(ProjectConfigurationPlatforms) = postSolution
		{F0FFD8AF-71FF-4C54-911C-6D89A2E50E1E}.Ad-Hoc|Any CPU.ActiveCfg = Debug|Any CPU
		{F0FFD8AF-71FF-4C54-911C-6D89A2E50E1E}.Ad-Hoc|Any CPU.Build.0 = Debug|Any CPU
		{F0FFD8AF-71FF-4C54-911C-6D89A2E50E1E}.Ad-Hoc|ARM.ActiveCfg = Debug|Any CPU
		{F0FFD8AF-71FF-4C54-911C-6D89A2E50E1E}.Ad-Hoc|ARM.Build.0 = Debug|Any CPU
		{F0FFD8AF-71FF-4C54-911C-6D89A2E50E1E}.Ad-Hoc|iPhone.ActiveCfg = Debug|Any CPU
		{F0FFD8AF-71FF-4C54-911C-6D89A2E50E1E}.Ad-Hoc|iPhone.Build.0 = Debug|Any CPU
		{F0FFD8AF-71FF-4C54-911C-6D89A2E50E1E}.Ad-Hoc|iPhoneSimulator.ActiveCfg = Debug|Any CPU
		{F0FFD8AF-71FF-4C54-911C-6D89A2E50E1E}.Ad-Hoc|iPhoneSimulator.Build.0 = Debug|Any CPU
		{F0FFD8AF-71FF-4C54-911C-6D89A2E50E1E}.Ad-Hoc|x64.ActiveCfg = Debug|Any CPU
		{F0FFD8AF-71FF-4C54-911C-6D89A2E50E1E}.Ad-Hoc|x64.Build.0 = Debug|Any CPU
		{F0FFD8AF-71FF-4C54-911C-6D89A2E50E1E}.Ad-Hoc|x86.ActiveCfg = Debug|Any CPU
		{F0FFD8AF-71FF-4C54-911C-6D89A2E50E1E}.Ad-Hoc|x86.Build.0 = Debug|Any CPU
		{F0FFD8AF-71FF-4C54-911C-6D89A2E50E1E}.AppStore|Any CPU.ActiveCfg = Debug|Any CPU
		{F0FFD8AF-71FF-4C54-911C-6D89A2E50E1E}.AppStore|Any CPU.Build.0 = Debug|Any CPU
		{F0FFD8AF-71FF-4C54-911C-6D89A2E50E1E}.AppStore|ARM.ActiveCfg = Debug|Any CPU
		{F0FFD8AF-71FF-4C54-911C-6D89A2E50E1E}.AppStore|ARM.Build.0 = Debug|Any CPU
		{F0FFD8AF-71FF-4C54-911C-6D89A2E50E1E}.AppStore|iPhone.ActiveCfg = Debug|Any CPU
		{F0FFD8AF-71FF-4C54-911C-6D89A2E50E1E}.AppStore|iPhone.Build.0 = Debug|Any CPU
		{F0FFD8AF-71FF-4C54-911C-6D89A2E50E1E}.AppStore|iPhoneSimulator.ActiveCfg = Debug|Any CPU
		{F0FFD8AF-71FF-4C54-911C-6D89A2E50E1E}.AppStore|iPhoneSimulator.Build.0 = Debug|Any CPU
		{F0FFD8AF-71FF-4C54-911C-6D89A2E50E1E}.AppStore|x64.ActiveCfg = Debug|Any CPU
		{F0FFD8AF-71FF-4C54-911C-6D89A2E50E1E}.AppStore|x64.Build.0 = Debug|Any CPU
		{F0FFD8AF-71FF-4C54-911C-6D89A2E50E1E}.AppStore|x86.ActiveCfg = Debug|Any CPU
		{F0FFD8AF-71FF-4C54-911C-6D89A2E50E1E}.AppStore|x86.Build.0 = Debug|Any CPU
		{F0FFD8AF-71FF-4C54-911C-6D89A2E50E1E}.Debug|Any CPU.ActiveCfg = Debug|Any CPU
		{F0FFD8AF-71FF-4C54-911C-6D89A2E50E1E}.Debug|Any CPU.Build.0 = Debug|Any CPU
		{F0FFD8AF-71FF-4C54-911C-6D89A2E50E1E}.Debug|ARM.ActiveCfg = Debug|Any CPU
		{F0FFD8AF-71FF-4C54-911C-6D89A2E50E1E}.Debug|ARM.Build.0 = Debug|Any CPU
		{F0FFD8AF-71FF-4C54-911C-6D89A2E50E1E}.Debug|iPhone.ActiveCfg = Debug|Any CPU
		{F0FFD8AF-71FF-4C54-911C-6D89A2E50E1E}.Debug|iPhone.Build.0 = Debug|Any CPU
		{F0FFD8AF-71FF-4C54-911C-6D89A2E50E1E}.Debug|iPhoneSimulator.ActiveCfg = Debug|Any CPU
		{F0FFD8AF-71FF-4C54-911C-6D89A2E50E1E}.Debug|iPhoneSimulator.Build.0 = Debug|Any CPU
		{F0FFD8AF-71FF-4C54-911C-6D89A2E50E1E}.Debug|x64.ActiveCfg = Debug|Any CPU
		{F0FFD8AF-71FF-4C54-911C-6D89A2E50E1E}.Debug|x64.Build.0 = Debug|Any CPU
		{F0FFD8AF-71FF-4C54-911C-6D89A2E50E1E}.Debug|x86.ActiveCfg = Debug|Any CPU
		{F0FFD8AF-71FF-4C54-911C-6D89A2E50E1E}.Debug|x86.Build.0 = Debug|Any CPU
		{F0FFD8AF-71FF-4C54-911C-6D89A2E50E1E}.Release|Any CPU.ActiveCfg = Release|Any CPU
		{F0FFD8AF-71FF-4C54-911C-6D89A2E50E1E}.Release|Any CPU.Build.0 = Release|Any CPU
		{F0FFD8AF-71FF-4C54-911C-6D89A2E50E1E}.Release|ARM.ActiveCfg = Release|Any CPU
		{F0FFD8AF-71FF-4C54-911C-6D89A2E50E1E}.Release|ARM.Build.0 = Release|Any CPU
		{F0FFD8AF-71FF-4C54-911C-6D89A2E50E1E}.Release|iPhone.ActiveCfg = Release|Any CPU
		{F0FFD8AF-71FF-4C54-911C-6D89A2E50E1E}.Release|iPhone.Build.0 = Release|Any CPU
		{F0FFD8AF-71FF-4C54-911C-6D89A2E50E1E}.Release|iPhoneSimulator.ActiveCfg = Release|Any CPU
		{F0FFD8AF-71FF-4C54-911C-6D89A2E50E1E}.Release|iPhoneSimulator.Build.0 = Release|Any CPU
		{F0FFD8AF-71FF-4C54-911C-6D89A2E50E1E}.Release|x64.ActiveCfg = Release|Any CPU
		{F0FFD8AF-71FF-4C54-911C-6D89A2E50E1E}.Release|x64.Build.0 = Release|Any CPU
		{F0FFD8AF-71FF-4C54-911C-6D89A2E50E1E}.Release|x86.ActiveCfg = Release|Any CPU
		{F0FFD8AF-71FF-4C54-911C-6D89A2E50E1E}.Release|x86.Build.0 = Release|Any CPU
		{8B93D3D3-E6D1-4E09-A9A2-47F25DFCEFED}.Ad-Hoc|Any CPU.ActiveCfg = Release|Any CPU
		{8B93D3D3-E6D1-4E09-A9A2-47F25DFCEFED}.Ad-Hoc|Any CPU.Build.0 = Release|Any CPU
		{8B93D3D3-E6D1-4E09-A9A2-47F25DFCEFED}.Ad-Hoc|Any CPU.Deploy.0 = Release|Any CPU
		{8B93D3D3-E6D1-4E09-A9A2-47F25DFCEFED}.Ad-Hoc|ARM.ActiveCfg = Release|Any CPU
		{8B93D3D3-E6D1-4E09-A9A2-47F25DFCEFED}.Ad-Hoc|ARM.Build.0 = Release|Any CPU
		{8B93D3D3-E6D1-4E09-A9A2-47F25DFCEFED}.Ad-Hoc|ARM.Deploy.0 = Release|Any CPU
		{8B93D3D3-E6D1-4E09-A9A2-47F25DFCEFED}.Ad-Hoc|iPhone.ActiveCfg = Release|Any CPU
		{8B93D3D3-E6D1-4E09-A9A2-47F25DFCEFED}.Ad-Hoc|iPhone.Build.0 = Release|Any CPU
		{8B93D3D3-E6D1-4E09-A9A2-47F25DFCEFED}.Ad-Hoc|iPhone.Deploy.0 = Release|Any CPU
		{8B93D3D3-E6D1-4E09-A9A2-47F25DFCEFED}.Ad-Hoc|iPhoneSimulator.ActiveCfg = Release|Any CPU
		{8B93D3D3-E6D1-4E09-A9A2-47F25DFCEFED}.Ad-Hoc|iPhoneSimulator.Build.0 = Release|Any CPU
		{8B93D3D3-E6D1-4E09-A9A2-47F25DFCEFED}.Ad-Hoc|iPhoneSimulator.Deploy.0 = Release|Any CPU
		{8B93D3D3-E6D1-4E09-A9A2-47F25DFCEFED}.Ad-Hoc|x64.ActiveCfg = Release|Any CPU
		{8B93D3D3-E6D1-4E09-A9A2-47F25DFCEFED}.Ad-Hoc|x64.Build.0 = Release|Any CPU
		{8B93D3D3-E6D1-4E09-A9A2-47F25DFCEFED}.Ad-Hoc|x64.Deploy.0 = Release|Any CPU
		{8B93D3D3-E6D1-4E09-A9A2-47F25DFCEFED}.Ad-Hoc|x86.ActiveCfg = Release|Any CPU
		{8B93D3D3-E6D1-4E09-A9A2-47F25DFCEFED}.Ad-Hoc|x86.Build.0 = Release|Any CPU
		{8B93D3D3-E6D1-4E09-A9A2-47F25DFCEFED}.Ad-Hoc|x86.Deploy.0 = Release|Any CPU
		{8B93D3D3-E6D1-4E09-A9A2-47F25DFCEFED}.AppStore|Any CPU.ActiveCfg = Release|Any CPU
		{8B93D3D3-E6D1-4E09-A9A2-47F25DFCEFED}.AppStore|Any CPU.Build.0 = Release|Any CPU
		{8B93D3D3-E6D1-4E09-A9A2-47F25DFCEFED}.AppStore|Any CPU.Deploy.0 = Release|Any CPU
		{8B93D3D3-E6D1-4E09-A9A2-47F25DFCEFED}.AppStore|ARM.ActiveCfg = Release|Any CPU
		{8B93D3D3-E6D1-4E09-A9A2-47F25DFCEFED}.AppStore|ARM.Build.0 = Release|Any CPU
		{8B93D3D3-E6D1-4E09-A9A2-47F25DFCEFED}.AppStore|ARM.Deploy.0 = Release|Any CPU
		{8B93D3D3-E6D1-4E09-A9A2-47F25DFCEFED}.AppStore|iPhone.ActiveCfg = Release|Any CPU
		{8B93D3D3-E6D1-4E09-A9A2-47F25DFCEFED}.AppStore|iPhone.Build.0 = Release|Any CPU
		{8B93D3D3-E6D1-4E09-A9A2-47F25DFCEFED}.AppStore|iPhone.Deploy.0 = Release|Any CPU
		{8B93D3D3-E6D1-4E09-A9A2-47F25DFCEFED}.AppStore|iPhoneSimulator.ActiveCfg = Release|Any CPU
		{8B93D3D3-E6D1-4E09-A9A2-47F25DFCEFED}.AppStore|iPhoneSimulator.Build.0 = Release|Any CPU
		{8B93D3D3-E6D1-4E09-A9A2-47F25DFCEFED}.AppStore|iPhoneSimulator.Deploy.0 = Release|Any CPU
		{8B93D3D3-E6D1-4E09-A9A2-47F25DFCEFED}.AppStore|x64.ActiveCfg = Release|Any CPU
		{8B93D3D3-E6D1-4E09-A9A2-47F25DFCEFED}.AppStore|x64.Build.0 = Release|Any CPU
		{8B93D3D3-E6D1-4E09-A9A2-47F25DFCEFED}.AppStore|x64.Deploy.0 = Release|Any CPU
		{8B93D3D3-E6D1-4E09-A9A2-47F25DFCEFED}.AppStore|x86.ActiveCfg = Release|Any CPU
		{8B93D3D3-E6D1-4E09-A9A2-47F25DFCEFED}.AppStore|x86.Build.0 = Release|Any CPU
		{8B93D3D3-E6D1-4E09-A9A2-47F25DFCEFED}.AppStore|x86.Deploy.0 = Release|Any CPU
		{8B93D3D3-E6D1-4E09-A9A2-47F25DFCEFED}.Debug|Any CPU.ActiveCfg = Debug|Any CPU
		{8B93D3D3-E6D1-4E09-A9A2-47F25DFCEFED}.Debug|Any CPU.Build.0 = Debug|Any CPU
		{8B93D3D3-E6D1-4E09-A9A2-47F25DFCEFED}.Debug|Any CPU.Deploy.0 = Debug|Any CPU
		{8B93D3D3-E6D1-4E09-A9A2-47F25DFCEFED}.Debug|ARM.ActiveCfg = Debug|Any CPU
		{8B93D3D3-E6D1-4E09-A9A2-47F25DFCEFED}.Debug|ARM.Build.0 = Debug|Any CPU
		{8B93D3D3-E6D1-4E09-A9A2-47F25DFCEFED}.Debug|ARM.Deploy.0 = Debug|Any CPU
		{8B93D3D3-E6D1-4E09-A9A2-47F25DFCEFED}.Debug|iPhone.ActiveCfg = Debug|Any CPU
		{8B93D3D3-E6D1-4E09-A9A2-47F25DFCEFED}.Debug|iPhone.Build.0 = Debug|Any CPU
		{8B93D3D3-E6D1-4E09-A9A2-47F25DFCEFED}.Debug|iPhone.Deploy.0 = Debug|Any CPU
		{8B93D3D3-E6D1-4E09-A9A2-47F25DFCEFED}.Debug|iPhoneSimulator.ActiveCfg = Debug|Any CPU
		{8B93D3D3-E6D1-4E09-A9A2-47F25DFCEFED}.Debug|iPhoneSimulator.Build.0 = Debug|Any CPU
		{8B93D3D3-E6D1-4E09-A9A2-47F25DFCEFED}.Debug|iPhoneSimulator.Deploy.0 = Debug|Any CPU
		{8B93D3D3-E6D1-4E09-A9A2-47F25DFCEFED}.Debug|x64.ActiveCfg = Debug|Any CPU
		{8B93D3D3-E6D1-4E09-A9A2-47F25DFCEFED}.Debug|x64.Build.0 = Debug|Any CPU
		{8B93D3D3-E6D1-4E09-A9A2-47F25DFCEFED}.Debug|x64.Deploy.0 = Debug|Any CPU
		{8B93D3D3-E6D1-4E09-A9A2-47F25DFCEFED}.Debug|x86.ActiveCfg = Debug|Any CPU
		{8B93D3D3-E6D1-4E09-A9A2-47F25DFCEFED}.Debug|x86.Build.0 = Debug|Any CPU
		{8B93D3D3-E6D1-4E09-A9A2-47F25DFCEFED}.Debug|x86.Deploy.0 = Debug|Any CPU
		{8B93D3D3-E6D1-4E09-A9A2-47F25DFCEFED}.Release|Any CPU.ActiveCfg = Release|Any CPU
		{8B93D3D3-E6D1-4E09-A9A2-47F25DFCEFED}.Release|Any CPU.Build.0 = Release|Any CPU
		{8B93D3D3-E6D1-4E09-A9A2-47F25DFCEFED}.Release|Any CPU.Deploy.0 = Release|Any CPU
		{8B93D3D3-E6D1-4E09-A9A2-47F25DFCEFED}.Release|ARM.ActiveCfg = Release|Any CPU
		{8B93D3D3-E6D1-4E09-A9A2-47F25DFCEFED}.Release|ARM.Build.0 = Release|Any CPU
		{8B93D3D3-E6D1-4E09-A9A2-47F25DFCEFED}.Release|ARM.Deploy.0 = Release|Any CPU
		{8B93D3D3-E6D1-4E09-A9A2-47F25DFCEFED}.Release|iPhone.ActiveCfg = Release|Any CPU
		{8B93D3D3-E6D1-4E09-A9A2-47F25DFCEFED}.Release|iPhone.Build.0 = Release|Any CPU
		{8B93D3D3-E6D1-4E09-A9A2-47F25DFCEFED}.Release|iPhone.Deploy.0 = Release|Any CPU
		{8B93D3D3-E6D1-4E09-A9A2-47F25DFCEFED}.Release|iPhoneSimulator.ActiveCfg = Release|Any CPU
		{8B93D3D3-E6D1-4E09-A9A2-47F25DFCEFED}.Release|iPhoneSimulator.Build.0 = Release|Any CPU
		{8B93D3D3-E6D1-4E09-A9A2-47F25DFCEFED}.Release|iPhoneSimulator.Deploy.0 = Release|Any CPU
		{8B93D3D3-E6D1-4E09-A9A2-47F25DFCEFED}.Release|x64.ActiveCfg = Release|Any CPU
		{8B93D3D3-E6D1-4E09-A9A2-47F25DFCEFED}.Release|x64.Build.0 = Release|Any CPU
		{8B93D3D3-E6D1-4E09-A9A2-47F25DFCEFED}.Release|x64.Deploy.0 = Release|Any CPU
		{8B93D3D3-E6D1-4E09-A9A2-47F25DFCEFED}.Release|x86.ActiveCfg = Release|Any CPU
		{8B93D3D3-E6D1-4E09-A9A2-47F25DFCEFED}.Release|x86.Build.0 = Release|Any CPU
		{8B93D3D3-E6D1-4E09-A9A2-47F25DFCEFED}.Release|x86.Deploy.0 = Release|Any CPU
		{D6F34CD5-BB1D-403F-9EE7-E121F06F6A0C}.Ad-Hoc|Any CPU.ActiveCfg = Ad-Hoc|iPhone
		{D6F34CD5-BB1D-403F-9EE7-E121F06F6A0C}.Ad-Hoc|ARM.ActiveCfg = Ad-Hoc|iPhone
		{D6F34CD5-BB1D-403F-9EE7-E121F06F6A0C}.Ad-Hoc|iPhone.ActiveCfg = Ad-Hoc|iPhone
		{D6F34CD5-BB1D-403F-9EE7-E121F06F6A0C}.Ad-Hoc|iPhone.Build.0 = Ad-Hoc|iPhone
		{D6F34CD5-BB1D-403F-9EE7-E121F06F6A0C}.Ad-Hoc|iPhoneSimulator.ActiveCfg = Ad-Hoc|iPhoneSimulator
		{D6F34CD5-BB1D-403F-9EE7-E121F06F6A0C}.Ad-Hoc|iPhoneSimulator.Build.0 = Ad-Hoc|iPhoneSimulator
		{D6F34CD5-BB1D-403F-9EE7-E121F06F6A0C}.Ad-Hoc|x64.ActiveCfg = Ad-Hoc|iPhone
		{D6F34CD5-BB1D-403F-9EE7-E121F06F6A0C}.Ad-Hoc|x86.ActiveCfg = Ad-Hoc|iPhone
		{D6F34CD5-BB1D-403F-9EE7-E121F06F6A0C}.AppStore|Any CPU.ActiveCfg = AppStore|iPhone
		{D6F34CD5-BB1D-403F-9EE7-E121F06F6A0C}.AppStore|ARM.ActiveCfg = AppStore|iPhone
		{D6F34CD5-BB1D-403F-9EE7-E121F06F6A0C}.AppStore|iPhone.ActiveCfg = AppStore|iPhone
		{D6F34CD5-BB1D-403F-9EE7-E121F06F6A0C}.AppStore|iPhone.Build.0 = AppStore|iPhone
		{D6F34CD5-BB1D-403F-9EE7-E121F06F6A0C}.AppStore|iPhoneSimulator.ActiveCfg = AppStore|iPhoneSimulator
		{D6F34CD5-BB1D-403F-9EE7-E121F06F6A0C}.AppStore|iPhoneSimulator.Build.0 = AppStore|iPhoneSimulator
		{D6F34CD5-BB1D-403F-9EE7-E121F06F6A0C}.AppStore|x64.ActiveCfg = AppStore|iPhone
		{D6F34CD5-BB1D-403F-9EE7-E121F06F6A0C}.AppStore|x86.ActiveCfg = AppStore|iPhone
		{D6F34CD5-BB1D-403F-9EE7-E121F06F6A0C}.Debug|Any CPU.ActiveCfg = Debug|iPhone
		{D6F34CD5-BB1D-403F-9EE7-E121F06F6A0C}.Debug|ARM.ActiveCfg = Debug|iPhone
		{D6F34CD5-BB1D-403F-9EE7-E121F06F6A0C}.Debug|iPhone.ActiveCfg = Debug|iPhone
		{D6F34CD5-BB1D-403F-9EE7-E121F06F6A0C}.Debug|iPhone.Build.0 = Debug|iPhone
		{D6F34CD5-BB1D-403F-9EE7-E121F06F6A0C}.Debug|iPhoneSimulator.ActiveCfg = Debug|iPhoneSimulator
		{D6F34CD5-BB1D-403F-9EE7-E121F06F6A0C}.Debug|iPhoneSimulator.Build.0 = Debug|iPhoneSimulator
		{D6F34CD5-BB1D-403F-9EE7-E121F06F6A0C}.Debug|x64.ActiveCfg = Debug|iPhone
		{D6F34CD5-BB1D-403F-9EE7-E121F06F6A0C}.Debug|x86.ActiveCfg = Debug|iPhone
		{D6F34CD5-BB1D-403F-9EE7-E121F06F6A0C}.Release|Any CPU.ActiveCfg = Release|iPhone
		{D6F34CD5-BB1D-403F-9EE7-E121F06F6A0C}.Release|ARM.ActiveCfg = Release|iPhone
		{D6F34CD5-BB1D-403F-9EE7-E121F06F6A0C}.Release|iPhone.ActiveCfg = Release|iPhone
		{D6F34CD5-BB1D-403F-9EE7-E121F06F6A0C}.Release|iPhone.Build.0 = Release|iPhone
		{D6F34CD5-BB1D-403F-9EE7-E121F06F6A0C}.Release|iPhoneSimulator.ActiveCfg = Release|iPhoneSimulator
		{D6F34CD5-BB1D-403F-9EE7-E121F06F6A0C}.Release|iPhoneSimulator.Build.0 = Release|iPhoneSimulator
		{D6F34CD5-BB1D-403F-9EE7-E121F06F6A0C}.Release|x64.ActiveCfg = Release|iPhone
		{D6F34CD5-BB1D-403F-9EE7-E121F06F6A0C}.Release|x86.ActiveCfg = Release|iPhone
		{2449FD33-364E-40C8-9ED1-88A0B0457328}.Ad-Hoc|Any CPU.ActiveCfg = Release|x86
		{2449FD33-364E-40C8-9ED1-88A0B0457328}.Ad-Hoc|Any CPU.Build.0 = Release|x86
		{2449FD33-364E-40C8-9ED1-88A0B0457328}.Ad-Hoc|Any CPU.Deploy.0 = Release|x86
		{2449FD33-364E-40C8-9ED1-88A0B0457328}.Ad-Hoc|ARM.ActiveCfg = Release|ARM
		{2449FD33-364E-40C8-9ED1-88A0B0457328}.Ad-Hoc|ARM.Build.0 = Release|ARM
		{2449FD33-364E-40C8-9ED1-88A0B0457328}.Ad-Hoc|ARM.Deploy.0 = Release|ARM
		{2449FD33-364E-40C8-9ED1-88A0B0457328}.Ad-Hoc|iPhone.ActiveCfg = Release|x86
		{2449FD33-364E-40C8-9ED1-88A0B0457328}.Ad-Hoc|iPhone.Build.0 = Release|x86
		{2449FD33-364E-40C8-9ED1-88A0B0457328}.Ad-Hoc|iPhone.Deploy.0 = Release|x86
		{2449FD33-364E-40C8-9ED1-88A0B0457328}.Ad-Hoc|iPhoneSimulator.ActiveCfg = Release|x86
		{2449FD33-364E-40C8-9ED1-88A0B0457328}.Ad-Hoc|iPhoneSimulator.Build.0 = Release|x86
		{2449FD33-364E-40C8-9ED1-88A0B0457328}.Ad-Hoc|iPhoneSimulator.Deploy.0 = Release|x86
		{2449FD33-364E-40C8-9ED1-88A0B0457328}.Ad-Hoc|x64.ActiveCfg = Release|x64
		{2449FD33-364E-40C8-9ED1-88A0B0457328}.Ad-Hoc|x64.Build.0 = Release|x64
		{2449FD33-364E-40C8-9ED1-88A0B0457328}.Ad-Hoc|x64.Deploy.0 = Release|x64
		{2449FD33-364E-40C8-9ED1-88A0B0457328}.Ad-Hoc|x86.ActiveCfg = Release|x86
		{2449FD33-364E-40C8-9ED1-88A0B0457328}.Ad-Hoc|x86.Build.0 = Release|x86
		{2449FD33-364E-40C8-9ED1-88A0B0457328}.Ad-Hoc|x86.Deploy.0 = Release|x86
		{2449FD33-364E-40C8-9ED1-88A0B0457328}.AppStore|Any CPU.ActiveCfg = Release|x86
		{2449FD33-364E-40C8-9ED1-88A0B0457328}.AppStore|Any CPU.Build.0 = Release|x86
		{2449FD33-364E-40C8-9ED1-88A0B0457328}.AppStore|Any CPU.Deploy.0 = Release|x86
		{2449FD33-364E-40C8-9ED1-88A0B0457328}.AppStore|ARM.ActiveCfg = Release|ARM
		{2449FD33-364E-40C8-9ED1-88A0B0457328}.AppStore|ARM.Build.0 = Release|ARM
		{2449FD33-364E-40C8-9ED1-88A0B0457328}.AppStore|ARM.Deploy.0 = Release|ARM
		{2449FD33-364E-40C8-9ED1-88A0B0457328}.AppStore|iPhone.ActiveCfg = Release|x86
		{2449FD33-364E-40C8-9ED1-88A0B0457328}.AppStore|iPhone.Build.0 = Release|x86
		{2449FD33-364E-40C8-9ED1-88A0B0457328}.AppStore|iPhone.Deploy.0 = Release|x86
		{2449FD33-364E-40C8-9ED1-88A0B0457328}.AppStore|iPhoneSimulator.ActiveCfg = Release|x86
		{2449FD33-364E-40C8-9ED1-88A0B0457328}.AppStore|iPhoneSimulator.Build.0 = Release|x86
		{2449FD33-364E-40C8-9ED1-88A0B0457328}.AppStore|iPhoneSimulator.Deploy.0 = Release|x86
		{2449FD33-364E-40C8-9ED1-88A0B0457328}.AppStore|x64.ActiveCfg = Release|x64
		{2449FD33-364E-40C8-9ED1-88A0B0457328}.AppStore|x64.Build.0 = Release|x64
		{2449FD33-364E-40C8-9ED1-88A0B0457328}.AppStore|x64.Deploy.0 = Release|x64
		{2449FD33-364E-40C8-9ED1-88A0B0457328}.AppStore|x86.ActiveCfg = Release|x86
		{2449FD33-364E-40C8-9ED1-88A0B0457328}.AppStore|x86.Build.0 = Release|x86
		{2449FD33-364E-40C8-9ED1-88A0B0457328}.AppStore|x86.Deploy.0 = Release|x86
		{2449FD33-364E-40C8-9ED1-88A0B0457328}.Debug|Any CPU.ActiveCfg = Debug|x86
		{2449FD33-364E-40C8-9ED1-88A0B0457328}.Debug|ARM.ActiveCfg = Debug|ARM
		{2449FD33-364E-40C8-9ED1-88A0B0457328}.Debug|ARM.Build.0 = Debug|ARM
		{2449FD33-364E-40C8-9ED1-88A0B0457328}.Debug|ARM.Deploy.0 = Debug|ARM
		{2449FD33-364E-40C8-9ED1-88A0B0457328}.Debug|iPhone.ActiveCfg = Debug|x86
		{2449FD33-364E-40C8-9ED1-88A0B0457328}.Debug|iPhoneSimulator.ActiveCfg = Debug|x86
		{2449FD33-364E-40C8-9ED1-88A0B0457328}.Debug|x64.ActiveCfg = Debug|x64
		{2449FD33-364E-40C8-9ED1-88A0B0457328}.Debug|x64.Build.0 = Debug|x64
		{2449FD33-364E-40C8-9ED1-88A0B0457328}.Debug|x64.Deploy.0 = Debug|x64
		{2449FD33-364E-40C8-9ED1-88A0B0457328}.Debug|x86.ActiveCfg = Debug|x86
		{2449FD33-364E-40C8-9ED1-88A0B0457328}.Debug|x86.Build.0 = Debug|x86
		{2449FD33-364E-40C8-9ED1-88A0B0457328}.Debug|x86.Deploy.0 = Debug|x86
		{2449FD33-364E-40C8-9ED1-88A0B0457328}.Release|Any CPU.ActiveCfg = Release|x86
		{2449FD33-364E-40C8-9ED1-88A0B0457328}.Release|ARM.ActiveCfg = Release|ARM
		{2449FD33-364E-40C8-9ED1-88A0B0457328}.Release|ARM.Build.0 = Release|ARM
		{2449FD33-364E-40C8-9ED1-88A0B0457328}.Release|ARM.Deploy.0 = Release|ARM
		{2449FD33-364E-40C8-9ED1-88A0B0457328}.Release|iPhone.ActiveCfg = Release|x86
		{2449FD33-364E-40C8-9ED1-88A0B0457328}.Release|iPhoneSimulator.ActiveCfg = Release|x86
		{2449FD33-364E-40C8-9ED1-88A0B0457328}.Release|x64.ActiveCfg = Release|x64
		{2449FD33-364E-40C8-9ED1-88A0B0457328}.Release|x64.Build.0 = Release|x64
		{2449FD33-364E-40C8-9ED1-88A0B0457328}.Release|x64.Deploy.0 = Release|x64
		{2449FD33-364E-40C8-9ED1-88A0B0457328}.Release|x86.ActiveCfg = Release|x86
		{2449FD33-364E-40C8-9ED1-88A0B0457328}.Release|x86.Build.0 = Release|x86
		{2449FD33-364E-40C8-9ED1-88A0B0457328}.Release|x86.Deploy.0 = Release|x86
	EndGlobalSection
	GlobalSection(SolutionProperties) = preSolution
		HideSolutionNode = FALSE
	EndGlobalSection
	GlobalSection(ExtensibilityGlobals) = postSolution
		SolutionGuid = {77E871BA-3240-4C41-8A0A-4EC88DB784FA}
	EndGlobalSection
	GlobalSection(TeamFoundationVersionControl) = preSolution
		SccNumberOfProjects = 5
		SccEnterpriseProvider = {4CA58AB2-18FA-4F8D-95D4-32DDF27D184C}
		SccTeamFoundationServer = https://smartcodesrs.visualstudio.com/
		SccLocalPath0 = .
		SccProjectUniqueName1 = EasyImovel\\EasyImovel.Android\\EasyImovel.Android.csproj
		SccProjectName1 = EasyImovel/EasyImovel.Android
		SccLocalPath1 = EasyImovel\\EasyImovel.Android
		SccProjectUniqueName2 = EasyImovel\\EasyImovel.iOS\\EasyImovel.iOS.csproj
		SccProjectName2 = EasyImovel/EasyImovel.iOS
		SccLocalPath2 = EasyImovel\\EasyImovel.iOS
		SccProjectUniqueName3 = EasyImovel\\EasyImovel.UWP\\EasyImovel.UWP.csproj
		SccProjectName3 = EasyImovel/EasyImovel.UWP
		SccLocalPath3 = EasyImovel\\EasyImovel.UWP
		SccProjectUniqueName4 = EasyImovel\\EasyImovel\\EasyImovel.csproj
		SccProjectName4 = EasyImovel/EasyImovel
		SccLocalPath4 = EasyImovel\\EasyImovel
	EndGlobalSection
EndGlobal
